
Microsoft Visual Studio Solution File, Format Version 12.00
# Visual Studio Version 17
VisualStudioVersion = 17.3.32819.101
MinimumVisualStudioVersion = 10.0.40219.1
Project("{FAE04EC0-301F-11D3-BF4B-00C04F79EFBC}") = "Lab03", "Lab03.csproj", "{331A7D93-7858-4C44-AB2B-6CF005426F90}"
EndProject
Global
	GlobalSection(SolutionConfigurationPlatforms) = preSolution
		Debug|Any CPU = Debug|Any CPU
		Release|Any CPU = Release|Any CPU
	EndGlobalSection
	GlobalSection(ProjectConfigurationPlatforms) = postSolution
		{331A7D93-7858-4C44-AB2B-6CF005426F90}.Debug|Any CPU.ActiveCfg = Debug|Any CPU
		{331A7D93-7858-4C44-AB2B-6CF005426F90}.Debug|Any CPU.Build.0 = Debug|Any CPU
		{331A7D93-7858-4C44-AB2B-6CF005426F90}.Release|Any CPU.ActiveCfg = Release|Any CPU
		{331A7D93-7858-4C44-AB2B-6CF005426F90}.Release|Any CPU.Build.0 = Release|Any CPU
	EndGlobalSection
	GlobalSection(SolutionProperties) = preSolution
		HideSolutionNode = FALSE
	EndGlobalSection
	GlobalSection(ExtensibilityGlobals) = postSolution
		SolutionGuid = {7BA2591B-E973-4B44-AA85-D7D9D99DD120}
	EndGlobalSection
EndGlobal
